
Microsoft Visual Studio Solution File, Format Version 12.00
# Visual Studio 15
VisualStudioVersion = 15.0.26020.0
MinimumVisualStudioVersion = 10.0.40219.1
Project("{FAE04EC0-301F-11D3-BF4B-00C04F79EFBC}") = "ReversePolishNotationCalculator", "ReversePolishNotationCalculator\ReversePolishNotationCalculator.csproj", "{C644FF0C-1E2E-4703-A4C3-A6813D052FF7}"
EndProject
Project("{FAE04EC0-301F-11D3-BF4B-00C04F79EFBC}") = "ReversePolishNotationCalculatorUnitTests", "ReversePolishNotationCalculatorUnitTests\ReversePolishNotationCalculatorUnitTests.csproj", "{10AE58DD-B9AF-4ADC-A633-AE2362D3F724}"
EndProject
Project("{FAE04EC0-301F-11D3-BF4B-00C04F79EFBC}") = "SieveOfErasthones", "SieveOfEratosthenes\SieveOfErasthones.csproj", "{935C86AB-09A6-4D34-9D68-D3EFD47D5863}"
EndProject
Project("{FAE04EC0-301F-11D3-BF4B-00C04F79EFBC}") = "SieveOfErasthonesUnitTests", "SieveOfEratosthenesUnitTests\SieveOfErasthonesUnitTests.csproj", "{B95E9C31-A675-4710-ADD7-F59095C1A9B0}"
EndProject
Project("{FAE04EC0-301F-11D3-BF4B-00C04F79EFBC}") = "BingoSimulator", "BingoSimulator\BingoSimulator.csproj", "{134A1398-B37A-48E9-84FB-1396C2038EA1}"
EndProject
Project("{FAE04EC0-301F-11D3-BF4B-00C04F79EFBC}") = "BingoSimulatorUnitTests", "BingoSimulatorUnitTests\BingoSimulatorUnitTests.csproj", "{D8045838-1F80-490A-AFAB-22AB86BF0C04}"
EndProject
Global
	GlobalSection(SolutionConfigurationPlatforms) = preSolution
		Debug|Any CPU = Debug|Any CPU
		Release|Any CPU = Release|Any CPU
	EndGlobalSection
	GlobalSection(ProjectConfigurationPlatforms) = postSolution
		{C644FF0C-1E2E-4703-A4C3-A6813D052FF7}.Debug|Any CPU.ActiveCfg = Debug|Any CPU
		{C644FF0C-1E2E-4703-A4C3-A6813D052FF7}.Debug|Any CPU.Build.0 = Debug|Any CPU
		{C644FF0C-1E2E-4703-A4C3-A6813D052FF7}.Release|Any CPU.ActiveCfg = Release|Any CPU
		{C644FF0C-1E2E-4703-A4C3-A6813D052FF7}.Release|Any CPU.Build.0 = Release|Any CPU
		{10AE58DD-B9AF-4ADC-A633-AE2362D3F724}.Debug|Any CPU.ActiveCfg = Debug|Any CPU
		{10AE58DD-B9AF-4ADC-A633-AE2362D3F724}.Debug|Any CPU.Build.0 = Debug|Any CPU
		{10AE58DD-B9AF-4ADC-A633-AE2362D3F724}.Release|Any CPU.ActiveCfg = Release|Any CPU
		{10AE58DD-B9AF-4ADC-A633-AE2362D3F724}.Release|Any CPU.Build.0 = Release|Any CPU
		{935C86AB-09A6-4D34-9D68-D3EFD47D5863}.Debug|Any CPU.ActiveCfg = Debug|Any CPU
		{935C86AB-09A6-4D34-9D68-D3EFD47D5863}.Debug|Any CPU.Build.0 = Debug|Any CPU
		{935C86AB-09A6-4D34-9D68-D3EFD47D5863}.Release|Any CPU.ActiveCfg = Release|Any CPU
		{935C86AB-09A6-4D34-9D68-D3EFD47D5863}.Release|Any CPU.Build.0 = Release|Any CPU
		{B95E9C31-A675-4710-ADD7-F59095C1A9B0}.Debug|Any CPU.ActiveCfg = Debug|Any CPU
		{B95E9C31-A675-4710-ADD7-F59095C1A9B0}.Debug|Any CPU.Build.0 = Debug|Any CPU
		{B95E9C31-A675-4710-ADD7-F59095C1A9B0}.Release|Any CPU.ActiveCfg = Release|Any CPU
		{B95E9C31-A675-4710-ADD7-F59095C1A9B0}.Release|Any CPU.Build.0 = Release|Any CPU
		{134A1398-B37A-48E9-84FB-1396C2038EA1}.Debug|Any CPU.ActiveCfg = Debug|Any CPU
		{134A1398-B37A-48E9-84FB-1396C2038EA1}.Debug|Any CPU.Build.0 = Debug|Any CPU
		{134A1398-B37A-48E9-84FB-1396C2038EA1}.Release|Any CPU.ActiveCfg = Release|Any CPU
		{134A1398-B37A-48E9-84FB-1396C2038EA1}.Release|Any CPU.Build.0 = Release|Any CPU
		{D8045838-1F80-490A-AFAB-22AB86BF0C04}.Debug|Any CPU.ActiveCfg = Debug|Any CPU
		{D8045838-1F80-490A-AFAB-22AB86BF0C04}.Debug|Any CPU.Build.0 = Debug|Any CPU
		{D8045838-1F80-490A-AFAB-22AB86BF0C04}.Release|Any CPU.ActiveCfg = Release|Any CPU
		{D8045838-1F80-490A-AFAB-22AB86BF0C04}.Release|Any CPU.Build.0 = Release|Any CPU
	EndGlobalSection
	GlobalSection(SolutionProperties) = preSolution
		HideSolutionNode = FALSE
	EndGlobalSection
EndGlobal
